
Microsoft Visual Studio Solution File, Format Version 12.00
# Visual Studio 14
VisualStudioVersion = 14.0.25420.1
MinimumVisualStudioVersion = 10.0.40219.1
Project("{FAE04EC0-301F-11D3-BF4B-00C04F79EFBC}") = "Problem 81", "Problem 81\Problem 81.csproj", "{D22A5214-F87C-4A02-AACD-36A32CCF9C4A}"
EndProject
Global
	GlobalSection(SolutionConfigurationPlatforms) = preSolution
		Debug|Any CPU = Debug|Any CPU
		Release|Any CPU = Release|Any CPU
	EndGlobalSection
	GlobalSection(ProjectConfigurationPlatforms) = postSolution
		{D22A5214-F87C-4A02-AACD-36A32CCF9C4A}.Debug|Any CPU.ActiveCfg = Debug|Any CPU
		{D22A5214-F87C-4A02-AACD-36A32CCF9C4A}.Debug|Any CPU.Build.0 = Debug|Any CPU
		{D22A5214-F87C-4A02-AACD-36A32CCF9C4A}.Release|Any CPU.ActiveCfg = Release|Any CPU
		{D22A5214-F87C-4A02-AACD-36A32CCF9C4A}.Release|Any CPU.Build.0 = Release|Any CPU
	EndGlobalSection
	GlobalSection(SolutionProperties) = preSolution
		HideSolutionNode = FALSE
	EndGlobalSection
EndGlobal
